
Microsoft Visual Studio Solution File, Format Version 12.00
# Visual Studio Version 17
VisualStudioVersion = 17.5.002.0
MinimumVisualStudioVersion = 10.0.40219.1
Project("{9A19103F-16F7-4668-BE54-9A1E7A4F7556}") = "ClassWork", "ClassWork.csproj", "{9950625B-E0A5-430C-85AC-7476C8CE4654}"
EndProject
Global
	GlobalSection(SolutionConfigurationPlatforms) = preSolution
		Debug|Any CPU = Debug|Any CPU
		Release|Any CPU = Release|Any CPU
	EndGlobalSection
	GlobalSection(ProjectConfigurationPlatforms) = postSolution
		{9950625B-E0A5-430C-85AC-7476C8CE4654}.Debug|Any CPU.ActiveCfg = Debug|Any CPU
		{9950625B-E0A5-430C-85AC-7476C8CE4654}.Debug|Any CPU.Build.0 = Debug|Any CPU
		{9950625B-E0A5-430C-85AC-7476C8CE4654}.Release|Any CPU.ActiveCfg = Release|Any CPU
		{9950625B-E0A5-430C-85AC-7476C8CE4654}.Release|Any CPU.Build.0 = Release|Any CPU
	EndGlobalSection
	GlobalSection(SolutionProperties) = preSolution
		HideSolutionNode = FALSE
	EndGlobalSection
	GlobalSection(ExtensibilityGlobals) = postSolution
		SolutionGuid = {070C13C4-32D1-47A8-AA51-C86944C6D9F7}
	EndGlobalSection
EndGlobal
